
Microsoft Visual Studio Solution File, Format Version 12.00
# Visual Studio Version 16
VisualStudioVersion = 16.0.30804.86
MinimumVisualStudioVersion = 10.0.40219.1
Project("{9A19103F-16F7-4668-BE54-9A1E7A4F7556}") = "Uroboro", "Uroboro\Uroboro.csproj", "{28FA0511-6AC8-4A42-ABAE-006DA374F7EC}"
EndProject
Project("{9A19103F-16F7-4668-BE54-9A1E7A4F7556}") = "Uroboro.PL.Blazor", "Uroboro.PL.Blazor\Uroboro.PL.Blazor.csproj", "{2CACFDD3-2A99-46D6-B915-4E9C2353E220}"
EndProject
Project("{9A19103F-16F7-4668-BE54-9A1E7A4F7556}") = "Uroboro.SL.WebAPI", "Uroboro.SL.WebAPI\Uroboro.SL.WebAPI.csproj", "{B79B0175-6102-47AF-B32C-FFD8399085F8}"
EndProject
Project("{9A19103F-16F7-4668-BE54-9A1E7A4F7556}") = "Uroboro.Common.Models", "Uroboro.Common.Models\Uroboro.Common.Models.csproj", "{BBB00760-D5F2-4EAE-831F-B99E8DB1068B}"
EndProject
Project("{FAE04EC0-301F-11D3-BF4B-00C04F79EFBC}") = "Uroboro.BL", "Uroboro.BL\Uroboro.BL.csproj", "{2F0D4BEA-41A9-4D4E-9697-98D1F7A5C694}"
EndProject
Project("{FAE04EC0-301F-11D3-BF4B-00C04F79EFBC}") = "Uroboro.DAL.InMemory", "Uroboro.DAL.InMemory\Uroboro.DAL.InMemory.csproj", "{A80E3E72-7F52-47E7-8390-7409869D3450}"
EndProject
Global
	GlobalSection(SolutionConfigurationPlatforms) = preSolution
		Debug|Any CPU = Debug|Any CPU
		Release|Any CPU = Release|Any CPU
	EndGlobalSection
	GlobalSection(ProjectConfigurationPlatforms) = postSolution
		{28FA0511-6AC8-4A42-ABAE-006DA374F7EC}.Debug|Any CPU.ActiveCfg = Debug|Any CPU
		{28FA0511-6AC8-4A42-ABAE-006DA374F7EC}.Debug|Any CPU.Build.0 = Debug|Any CPU
		{28FA0511-6AC8-4A42-ABAE-006DA374F7EC}.Release|Any CPU.ActiveCfg = Release|Any CPU
		{28FA0511-6AC8-4A42-ABAE-006DA374F7EC}.Release|Any CPU.Build.0 = Release|Any CPU
		{2CACFDD3-2A99-46D6-B915-4E9C2353E220}.Debug|Any CPU.ActiveCfg = Debug|Any CPU
		{2CACFDD3-2A99-46D6-B915-4E9C2353E220}.Debug|Any CPU.Build.0 = Debug|Any CPU
		{2CACFDD3-2A99-46D6-B915-4E9C2353E220}.Release|Any CPU.ActiveCfg = Release|Any CPU
		{2CACFDD3-2A99-46D6-B915-4E9C2353E220}.Release|Any CPU.Build.0 = Release|Any CPU
		{B79B0175-6102-47AF-B32C-FFD8399085F8}.Debug|Any CPU.ActiveCfg = Debug|Any CPU
		{B79B0175-6102-47AF-B32C-FFD8399085F8}.Debug|Any CPU.Build.0 = Debug|Any CPU
		{B79B0175-6102-47AF-B32C-FFD8399085F8}.Release|Any CPU.ActiveCfg = Release|Any CPU
		{B79B0175-6102-47AF-B32C-FFD8399085F8}.Release|Any CPU.Build.0 = Release|Any CPU
		{BBB00760-D5F2-4EAE-831F-B99E8DB1068B}.Debug|Any CPU.ActiveCfg = Debug|Any CPU
		{BBB00760-D5F2-4EAE-831F-B99E8DB1068B}.Debug|Any CPU.Build.0 = Debug|Any CPU
		{BBB00760-D5F2-4EAE-831F-B99E8DB1068B}.Release|Any CPU.ActiveCfg = Release|Any CPU
		{BBB00760-D5F2-4EAE-831F-B99E8DB1068B}.Release|Any CPU.Build.0 = Release|Any CPU
		{2F0D4BEA-41A9-4D4E-9697-98D1F7A5C694}.Debug|Any CPU.ActiveCfg = Debug|Any CPU
		{2F0D4BEA-41A9-4D4E-9697-98D1F7A5C694}.Debug|Any CPU.Build.0 = Debug|Any CPU
		{2F0D4BEA-41A9-4D4E-9697-98D1F7A5C694}.Release|Any CPU.ActiveCfg = Release|Any CPU
		{2F0D4BEA-41A9-4D4E-9697-98D1F7A5C694}.Release|Any CPU.Build.0 = Release|Any CPU
		{A80E3E72-7F52-47E7-8390-7409869D3450}.Debug|Any CPU.ActiveCfg = Debug|Any CPU
		{A80E3E72-7F52-47E7-8390-7409869D3450}.Debug|Any CPU.Build.0 = Debug|Any CPU
		{A80E3E72-7F52-47E7-8390-7409869D3450}.Release|Any CPU.ActiveCfg = Release|Any CPU
		{A80E3E72-7F52-47E7-8390-7409869D3450}.Release|Any CPU.Build.0 = Release|Any CPU
	EndGlobalSection
	GlobalSection(SolutionProperties) = preSolution
		HideSolutionNode = FALSE
	EndGlobalSection
	GlobalSection(ExtensibilityGlobals) = postSolution
		SolutionGuid = {9B54E3D4-12E9-496A-A08F-1B10E48B8254}
	EndGlobalSection
EndGlobal
